// !$*UTF8*$!
{
	archiveVersion = 1;
	classes = {
	};
	objectVersion = 56;
	objects = {

/* Begin PBXBuildFile section */
		7ECFA0A52BCE6D7B00642091 /* AppDelegate.swift in Sources */ = {isa = PBXBuildFile; fileRef = 7ECFA0A42BCE6D7B00642091 /* AppDelegate.swift */; };
		7ECFA0A72BCE6D7B00642091 /* SceneDelegate.swift in Sources */ = {isa = PBXBuildFile; fileRef = 7ECFA0A62BCE6D7B00642091 /* SceneDelegate.swift */; };
		7ECFA0A92BCE6D7B00642091 /* ViewController.swift in Sources */ = {isa = PBXBuildFile; fileRef = 7ECFA0A82BCE6D7B00642091 /* ViewController.swift */; };
		7ECFA0AC2BCE6D7B00642091 /* Main.storyboard in Resources */ = {isa = PBXBuildFile; fileRef = 7ECFA0AA2BCE6D7B00642091 /* Main.storyboard */; };
		7ECFA0AE2BCE6D7D00642091 /* Assets.xcassets in Resources */ = {isa = PBXBuildFile; fileRef = 7ECFA0AD2BCE6D7D00642091 /* Assets.xcassets */; };
		7ECFA0B12BCE6D7D00642091 /* LaunchScreen.storyboard in Resources */ = {isa = PBXBuildFile; fileRef = 7ECFA0AF2BCE6D7D00642091 /* LaunchScreen.storyboard */; };
		7ECFA0BC2BCE6D7D00642091 /* Final_ProjectTests.swift in Sources */ = {isa = PBXBuildFile; fileRef = 7ECFA0BB2BCE6D7D00642091 /* Final_ProjectTests.swift */; };
		7ECFA0C62BCE6D7D00642091 /* Final_ProjectUITests.swift in Sources */ = {isa = PBXBuildFile; fileRef = 7ECFA0C52BCE6D7D00642091 /* Final_ProjectUITests.swift */; };
		7ECFA0C82BCE6D7D00642091 /* Final_ProjectUITestsLaunchTests.swift in Sources */ = {isa = PBXBuildFile; fileRef = 7ECFA0C72BCE6D7D00642091 /* Final_ProjectUITestsLaunchTests.swift */; };
/* End PBXBuildFile section */

/* Begin PBXContainerItemProxy section */
		7ECFA0B82BCE6D7D00642091 /* PBXContainerItemProxy */ = {
			isa = PBXContainerItemProxy;
			containerPortal = 7ECFA0992BCE6D7B00642091 /* Project object */;
			proxyType = 1;
			remoteGlobalIDString = 7ECFA0A02BCE6D7B00642091;
			remoteInfo = "Final Project";
		};
		7ECFA0C22BCE6D7D00642091 /* PBXContainerItemProxy */ = {
			isa = PBXContainerItemProxy;
			containerPortal = 7ECFA0992BCE6D7B00642091 /* Project object */;
			proxyType = 1;
			remoteGlobalIDString = 7ECFA0A02BCE6D7B00642091;
			remoteInfo = "Final Project";
		};
/* End PBXContainerItemProxy section */

/* Begin PBXFileReference section */
		7ECFA0A12BCE6D7B00642091 /* Final Project.app */ = {isa = PBXFileReference; explicitFileType = wrapper.application; includeInIndex = 0; path = "Final Project.app"; sourceTree = BUILT_PRODUCTS_DIR; };
		7ECFA0A42BCE6D7B00642091 /* AppDelegate.swift */ = {isa = PBXFileReference; lastKnownFileType = sourcecode.swift; path = AppDelegate.swift; sourceTree = "<group>"; };
		7ECFA0A62BCE6D7B00642091 /* SceneDelegate.swift */ = {isa = PBXFileReference; lastKnownFileType = sourcecode.swift; path = SceneDelegate.swift; sourceTree = "<group>"; };
		7ECFA0A82BCE6D7B00642091 /* ViewController.swift */ = {isa = PBXFileReference; lastKnownFileType = sourcecode.swift; path = ViewController.swift; sourceTree = "<group>"; };
		7ECFA0AB2BCE6D7B00642091 /* Base */ = {isa = PBXFileReference; lastKnownFileType = file.storyboard; name = Base; path = Base.lproj/Main.storyboard; sourceTree = "<group>"; };
		7ECFA0AD2BCE6D7D00642091 /* Assets.xcassets */ = {isa = PBXFileReference; lastKnownFileType = folder.assetcatalog; path = Assets.xcassets; sourceTree = "<group>"; };
		7ECFA0B02BCE6D7D00642091 /* Base */ = {isa = PBXFileReference; lastKnownFileType = file.storyboard; name = Base; path = Base.lproj/LaunchScreen.storyboard; sourceTree = "<group>"; };
		7ECFA0B22BCE6D7D00642091 /* Info.plist */ = {isa = PBXFileReference; lastKnownFileType = text.plist.xml; path = Info.plist; sourceTree = "<group>"; };
		7ECFA0B72BCE6D7D00642091 /* Final ProjectTests.xctest */ = {isa = PBXFileReference; explicitFileType = wrapper.cfbundle; includeInIndex = 0; path = "Final ProjectTests.xctest"; sourceTree = BUILT_PRODUCTS_DIR; };
		7ECFA0BB2BCE6D7D00642091 /* Final_ProjectTests.swift */ = {isa = PBXFileReference; lastKnownFileType = sourcecode.swift; path = Final_ProjectTests.swift; sourceTree = "<group>"; };
		7ECFA0C12BCE6D7D00642091 /* Final ProjectUITests.xctest */ = {isa = PBXFileReference; explicitFileType = wrapper.cfbundle; includeInIndex = 0; path = "Final ProjectUITests.xctest"; sourceTree = BUILT_PRODUCTS_DIR; };
		7ECFA0C52BCE6D7D00642091 /* Final_ProjectUITests.swift */ = {isa = PBXFileReference; lastKnownFileType = sourcecode.swift; path = Final_ProjectUITests.swift; sourceTree = "<group>"; };
		7ECFA0C72BCE6D7D00642091 /* Final_ProjectUITestsLaunchTests.swift */ = {isa = PBXFileReference; lastKnownFileType = sourcecode.swift; path = Final_ProjectUITestsLaunchTests.swift; sourceTree = "<group>"; };
/* End PBXFileReference section */

/* Begin PBXFrameworksBuildPhase section */
		7ECFA09E2BCE6D7B00642091 /* Frameworks */ = {
			isa = PBXFrameworksBuildPhase;
			buildActionMask = 2147483647;
			files = (
			);
			runOnlyForDeploymentPostprocessing = 0;
		};
		7ECFA0B42BCE6D7D00642091 /* Frameworks */ = {
			isa = PBXFrameworksBuildPhase;
			buildActionMask = 2147483647;
			files = (
			);
			runOnlyForDeploymentPostprocessing = 0;
		};
		7ECFA0BE2BCE6D7D00642091 /* Frameworks */ = {
			isa = PBXFrameworksBuildPhase;
			buildActionMask = 2147483647;
			files = (
			);
			runOnlyForDeploymentPostprocessing = 0;
		};
/* End PBXFrameworksBuildPhase section */

/* Begin PBXGroup section */
		7ECFA0982BCE6D7B00642091 = {
			isa = PBXGroup;
			children = (
				7ECFA0A32BCE6D7B00642091 /* Final Project */,
				7ECFA0BA2BCE6D7D00642091 /* Final ProjectTests */,
				7ECFA0C42BCE6D7D00642091 /* Final ProjectUITests */,
				7ECFA0A22BCE6D7B00642091 /* Products */,
			);
			sourceTree = "<group>";
		};
		7ECFA0A22BCE6D7B00642091 /* Products */ = {
			isa = PBXGroup;
			children = (
				7ECFA0A12BCE6D7B00642091 /* Final Project.app */,
				7ECFA0B72BCE6D7D00642091 /* Final ProjectTests.xctest */,
				7ECFA0C12BCE6D7D00642091 /* Final ProjectUITests.xctest */,
			);
			name = Products;
			sourceTree = "<group>";
		};
		7ECFA0A32BCE6D7B00642091 /* Final Project */ = {
			isa = PBXGroup;
			children = (
				7ECFA0A42BCE6D7B00642091 /* AppDelegate.swift */,
				7ECFA0A62BCE6D7B00642091 /* SceneDelegate.swift */,
				7ECFA0A82BCE6D7B00642091 /* ViewController.swift */,
				7ECFA0AA2BCE6D7B00642091 /* Main.storyboard */,
				7ECFA0AD2BCE6D7D00642091 /* Assets.xcassets */,
				7ECFA0AF2BCE6D7D00642091 /* LaunchScreen.storyboard */,
				7ECFA0B22BCE6D7D00642091 /* Info.plist */,
			);
			path = "Final Project";
			sourceTree = "<group>";
		};
		7ECFA0BA2BCE6D7D00642091 /* Final ProjectTests */ = {
			isa = PBXGroup;
			children = (
				7ECFA0BB2BCE6D7D00642091 /* Final_ProjectTests.swift */,
			);
			path = "Final ProjectTests";
			sourceTree = "<group>";
		};
		7ECFA0C42BCE6D7D00642091 /* Final ProjectUITests */ = {
			isa = PBXGroup;
			children = (
				7ECFA0C52BCE6D7D00642091 /* Final_ProjectUITests.swift */,
				7ECFA0C72BCE6D7D00642091 /* Final_ProjectUITestsLaunchTests.swift */,
			);
			path = "Final ProjectUITests";
			sourceTree = "<group>";
		};
/* End PBXGroup section */

/* Begin PBXNativeTarget section */
		7ECFA0A02BCE6D7B00642091 /* Final Project */ = {
			isa = PBXNativeTarget;
			buildConfigurationList = 7ECFA0CB2BCE6D7D00642091 /* Build configuration list for PBXNativeTarget "Final Project" */;
			buildPhases = (
				7ECFA09D2BCE6D7B00642091 /* Sources */,
				7ECFA09E2BCE6D7B00642091 /* Frameworks */,
				7ECFA09F2BCE6D7B00642091 /* Resources */,
			);
			buildRules = (
			);
			dependencies = (
			);
			name = "Final Project";
			productName = "Final Project";
			productReference = 7ECFA0A12BCE6D7B00642091 /* Final Project.app */;
			productType = "com.apple.product-type.application";
		};
		7ECFA0B62BCE6D7D00642091 /* Final ProjectTests */ = {
			isa = PBXNativeTarget;
			buildConfigurationList = 7ECFA0CE2BCE6D7D00642091 /* Build configuration list for PBXNativeTarget "Final ProjectTests" */;
			buildPhases = (
				7ECFA0B32BCE6D7D00642091 /* Sources */,
				7ECFA0B42BCE6D7D00642091 /* Frameworks */,
				7ECFA0B52BCE6D7D00642091 /* Resources */,
			);
			buildRules = (
			);
			dependencies = (
				7ECFA0B92BCE6D7D00642091 /* PBXTargetDependency */,
			);
			name = "Final ProjectTests";
			productName = "Final ProjectTests";
			productReference = 7ECFA0B72BCE6D7D00642091 /* Final ProjectTests.xctest */;
			productType = "com.apple.product-type.bundle.unit-test";
		};
		7ECFA0C02BCE6D7D00642091 /* Final ProjectUITests */ = {
			isa = PBXNativeTarget;
			buildConfigurationList = 7ECFA0D12BCE6D7D00642091 /* Build configuration list for PBXNativeTarget "Final ProjectUITests" */;
			buildPhases = (
				7ECFA0BD2BCE6D7D00642091 /* Sources */,
				7ECFA0BE2BCE6D7D00642091 /* Frameworks */,
				7ECFA0BF2BCE6D7D00642091 /* Resources */,
			);
			buildRules = (
			);
			dependencies = (
				7ECFA0C32BCE6D7D00642091 /* PBXTargetDependency */,
			);
			name = "Final ProjectUITests";
			productName = "Final ProjectUITests";
			productReference = 7ECFA0C12BCE6D7D00642091 /* Final ProjectUITests.xctest */;
			productType = "com.apple.product-type.bundle.ui-testing";
		};
/* End PBXNativeTarget section */

/* Begin PBXProject section */
		7ECFA0992BCE6D7B00642091 /* Project object */ = {
			isa = PBXProject;
			attributes = {
				BuildIndependentTargetsInParallel = 1;
				LastSwiftUpdateCheck = 1520;
				LastUpgradeCheck = 1520;
				TargetAttributes = {
					7ECFA0A02BCE6D7B00642091 = {
						CreatedOnToolsVersion = 15.2;
					};
					7ECFA0B62BCE6D7D00642091 = {
						CreatedOnToolsVersion = 15.2;
						TestTargetID = 7ECFA0A02BCE6D7B00642091;
					};
					7ECFA0C02BCE6D7D00642091 = {
						CreatedOnToolsVersion = 15.2;
						TestTargetID = 7ECFA0A02BCE6D7B00642091;
					};
				};
			};
			buildConfigurationList = 7ECFA09C2BCE6D7B00642091 /* Build configuration list for PBXProject "Final Project" */;
			compatibilityVersion = "Xcode 14.0";
			developmentRegion = en;
			hasScannedForEncodings = 0;
			knownRegions = (
				en,
				Base,
			);
			mainGroup = 7ECFA0982BCE6D7B00642091;
			productRefGroup = 7ECFA0A22BCE6D7B00642091 /* Products */;
			projectDirPath = "";
			projectRoot = "";
			targets = (
				7ECFA0A02BCE6D7B00642091 /* Final Project */,
				7ECFA0B62BCE6D7D00642091 /* Final ProjectTests */,
				7ECFA0C02BCE6D7D00642091 /* Final ProjectUITests */,
			);
		};
/* End PBXProject section */

/* Begin PBXResourcesBuildPhase section */
		7ECFA09F2BCE6D7B00642091 /* Resources */ = {
			isa = PBXResourcesBuildPhase;
			buildActionMask = 2147483647;
			files = (
				7ECFA0B12BCE6D7D00642091 /* LaunchScreen.storyboard in Resources */,
				7ECFA0AE2BCE6D7D00642091 /* Assets.xcassets in Resources */,
				7ECFA0AC2BCE6D7B00642091 /* Main.storyboard in Resources */,
			);
			runOnlyForDeploymentPostprocessing = 0;
		};
		7ECFA0B52BCE6D7D00642091 /* Resources */ = {
			isa = PBXResourcesBuildPhase;
			buildActionMask = 2147483647;
			files = (
			);
			runOnlyForDeploymentPostprocessing = 0;
		};
		7ECFA0BF2BCE6D7D00642091 /* Resources */ = {
			isa = PBXResourcesBuildPhase;
			buildActionMask = 2147483647;
			files = (
			);
			runOnlyForDeploymentPostprocessing = 0;
		};
/* End PBXResourcesBuildPhase section */

/* Begin PBXSourcesBuildPhase section */
		7ECFA09D2BCE6D7B00642091 /* Sources */ = {
			isa = PBXSourcesBuildPhase;
			buildActionMask = 2147483647;
			files = (
				7ECFA0A92BCE6D7B00642091 /* ViewController.swift in Sources */,
				7ECFA0A52BCE6D7B00642091 /* AppDelegate.swift in Sources */,
				7ECFA0A72BCE6D7B00642091 /* SceneDelegate.swift in Sources */,
			);
			runOnlyForDeploymentPostprocessing = 0;
		};
		7ECFA0B32BCE6D7D00642091 /* Sources */ = {
			isa = PBXSourcesBuildPhase;
			buildActionMask = 2147483647;
			files = (
				7ECFA0BC2BCE6D7D00642091 /* Final_ProjectTests.swift in Sources */,
			);
			runOnlyForDeploymentPostprocessing = 0;
		};
		7ECFA0BD2BCE6D7D00642091 /* Sources */ = {
			isa = PBXSourcesBuildPhase;
			buildActionMask = 2147483647;
			files = (
				7ECFA0C62BCE6D7D00642091 /* Final_ProjectUITests.swift in Sources */,
				7ECFA0C82BCE6D7D00642091 /* Final_ProjectUITestsLaunchTests.swift in Sources */,
			);
			runOnlyForDeploymentPostprocessing = 0;
		};
/* End PBXSourcesBuildPhase section */

/* Begin PBXTargetDependency section */
		7ECFA0B92BCE6D7D00642091 /* PBXTargetDependency */ = {
			isa = PBXTargetDependency;
			target = 7ECFA0A02BCE6D7B00642091 /* Final Project */;
			targetProxy = 7ECFA0B82BCE6D7D00642091 /* PBXContainerItemProxy */;
		};
		7ECFA0C32BCE6D7D00642091 /* PBXTargetDependency */ = {
			isa = PBXTargetDependency;
			target = 7ECFA0A02BCE6D7B00642091 /* Final Project */;
			targetProxy = 7ECFA0C22BCE6D7D00642091 /* PBXContainerItemProxy */;
		};
/* End PBXTargetDependency section */

/* Begin PBXVariantGroup section */
		7ECFA0AA2BCE6D7B00642091 /* Main.storyboard */ = {
			isa = PBXVariantGroup;
			children = (
				7ECFA0AB2BCE6D7B00642091 /* Base */,
			);
			name = Main.storyboard;
			sourceTree = "<group>";
		};
		7ECFA0AF2BCE6D7D00642091 /* LaunchScreen.storyboard */ = {
			isa = PBXVariantGroup;
			children = (
				7ECFA0B02BCE6D7D00642091 /* Base */,
			);
			name = LaunchScreen.storyboard;
			sourceTree = "<group>";
		};
/* End PBXVariantGroup section */

/* Begin XCBuildConfiguration section */
		7ECFA0C92BCE6D7D00642091 /* Debug */ = {
			isa = XCBuildConfiguration;
			buildSettings = {
				ALWAYS_SEARCH_USER_PATHS = NO;
				ASSETCATALOG_COMPILER_GENERATE_SWIFT_ASSET_SYMBOL_EXTENSIONS = YES;
				CLANG_ANALYZER_NONNULL = YES;
				CLANG_ANALYZER_NUMBER_OBJECT_CONVERSION = YES_AGGRESSIVE;
				CLANG_CXX_LANGUAGE_STANDARD = "gnu++20";
				CLANG_ENABLE_MODULES = YES;
				CLANG_ENABLE_OBJC_ARC = YES;
				CLANG_ENABLE_OBJC_WEAK = YES;
				CLANG_WARN_BLOCK_CAPTURE_AUTORELEASING = YES;
				CLANG_WARN_BOOL_CONVERSION = YES;
				CLANG_WARN_COMMA = YES;
				CLANG_WARN_CONSTANT_CONVERSION = YES;
				CLANG_WARN_DEPRECATED_OBJC_IMPLEMENTATIONS = YES;
				CLANG_WARN_DIRECT_OBJC_ISA_USAGE = YES_ERROR;
				CLANG_WARN_DOCUMENTATION_COMMENTS = YES;
				CLANG_WARN_EMPTY_BODY = YES;
				CLANG_WARN_ENUM_CONVERSION = YES;
				CLANG_WARN_INFINITE_RECURSION = YES;
				CLANG_WARN_INT_CONVERSION = YES;
				CLANG_WARN_NON_LITERAL_NULL_CONVERSION = YES;
				CLANG_WARN_OBJC_IMPLICIT_RETAIN_SELF = YES;
				CLANG_WARN_OBJC_LITERAL_CONVERSION = YES;
				CLANG_WARN_OBJC_ROOT_CLASS = YES_ERROR;
				CLANG_WARN_QUOTED_INCLUDE_IN_FRAMEWORK_HEADER = YES;
				CLANG_WARN_RANGE_LOOP_ANALYSIS = YES;
				CLANG_WARN_STRICT_PROTOTYPES = YES;
				CLANG_WARN_SUSPICIOUS_MOVE = YES;
				CLANG_WARN_UNGUARDED_AVAILABILITY = YES_AGGRESSIVE;
				CLANG_WARN_UNREACHABLE_CODE = YES;
				CLANG_WARN__DUPLICATE_METHOD_MATCH = YES;
				COPY_PHASE_STRIP = NO;
				DEBUG_INFORMATION_FORMAT = dwarf;
				ENABLE_STRICT_OBJC_MSGSEND = YES;
				ENABLE_TESTABILITY = YES;
				ENABLE_USER_SCRIPT_SANDBOXING = YES;
				GCC_C_LANGUAGE_STANDARD = gnu17;
				GCC_DYNAMIC_NO_PIC = NO;
				GCC_NO_COMMON_BLOCKS = YES;
				GCC_OPTIMIZATION_LEVEL = 0;
				GCC_PREPROCESSOR_DEFINITIONS = (
					"DEBUG=1",
					"$(inherited)",
				);
				GCC_WARN_64_TO_32_BIT_CONVERSION = YES;
				GCC_WARN_ABOUT_RETURN_TYPE = YES_ERROR;
				GCC_WARN_UNDECLARED_SELECTOR = YES;
				GCC_WARN_UNINITIALIZED_AUTOS = YES_AGGRESSIVE;
				GCC_WARN_UNUSED_FUNCTION = YES;
				GCC_WARN_UNUSED_VARIABLE = YES;
				IPHONEOS_DEPLOYMENT_TARGET = 17.2;
				LOCALIZATION_PREFERS_STRING_CATALOGS = YES;
				MTL_ENABLE_DEBUG_INFO = INCLUDE_SOURCE;
				MTL_FAST_MATH = YES;
				ONLY_ACTIVE_ARCH = YES;
				SDKROOT = iphoneos;
				SWIFT_ACTIVE_COMPILATION_CONDITIONS = "DEBUG $(inherited)";
				SWIFT_OPTIMIZATION_LEVEL = "-Onone";
			};
			name = Debug;
		};
		7ECFA0CA2BCE6D7D00642091 /* Release */ = {
			isa = XCBuildConfiguration;
			buildSettings = {
				ALWAYS_SEARCH_USER_PATHS = NO;
				ASSETCATALOG_COMPILER_GENERATE_SWIFT_ASSET_SYMBOL_EXTENSIONS = YES;
				CLANG_ANALYZER_NONNULL = YES;
				CLANG_ANALYZER_NUMBER_OBJECT_CONVERSION = YES_AGGRESSIVE;
				CLANG_CXX_LANGUAGE_STANDARD = "gnu++20";
				CLANG_ENABLE_MODULES = YES;
				CLANG_ENABLE_OBJC_ARC = YES;
				CLANG_ENABLE_OBJC_WEAK = YES;
				CLANG_WARN_BLOCK_CAPTURE_AUTORELEASING = YES;
				CLANG_WARN_BOOL_CONVERSION = YES;
				CLANG_WARN_COMMA = YES;
				CLANG_WARN_CONSTANT_CONVERSION = YES;
				CLANG_WARN_DEPRECATED_OBJC_IMPLEMENTATIONS = YES;
				CLANG_WARN_DIRECT_OBJC_ISA_USAGE = YES_ERROR;
				CLANG_WARN_DOCUMENTATION_COMMENTS = YES;
				CLANG_WARN_EMPTY_BODY = YES;
				CLANG_WARN_ENUM_CONVERSION = YES;
				CLANG_WARN_INFINITE_RECURSION = YES;
				CLANG_WARN_INT_CONVERSION = YES;
				CLANG_WARN_NON_LITERAL_NULL_CONVERSION = YES;
				CLANG_WARN_OBJC_IMPLICIT_RETAIN_SELF = YES;
				CLANG_WARN_OBJC_LITERAL_CONVERSION = YES;
				CLANG_WARN_OBJC_ROOT_CLASS = YES_ERROR;
				CLANG_WARN_QUOTED_INCLUDE_IN_FRAMEWORK_HEADER = YES;
				CLANG_WARN_RANGE_LOOP_ANALYSIS = YES;
				CLANG_WARN_STRICT_PROTOTYPES = YES;
				CLANG_WARN_SUSPICIOUS_MOVE = YES;
				CLANG_WARN_UNGUARDED_AVAILABILITY = YES_AGGRESSIVE;
				CLANG_WARN_UNREACHABLE_CODE = YES;
				CLANG_WARN__DUPLICATE_METHOD_MATCH = YES;
				COPY_PHASE_STRIP = NO;
				DEBUG_INFORMATION_FORMAT = "dwarf-with-dsym";
				ENABLE_NS_ASSERTIONS = NO;
				ENABLE_STRICT_OBJC_MSGSEND = YES;
				ENABLE_USER_SCRIPT_SANDBOXING = YES;
				GCC_C_LANGUAGE_STANDARD = gnu17;
				GCC_NO_COMMON_BLOCKS = YES;
				GCC_WARN_64_TO_32_BIT_CONVERSION = YES;
				GCC_WARN_ABOUT_RETURN_TYPE = YES_ERROR;
				GCC_WARN_UNDECLARED_SELECTOR = YES;
				GCC_WARN_UNINITIALIZED_AUTOS = YES_AGGRESSIVE;
				GCC_WARN_UNUSED_FUNCTION = YES;
				GCC_WARN_UNUSED_VARIABLE = YES;
				IPHONEOS_DEPLOYMENT_TARGET = 17.2;
				LOCALIZATION_PREFERS_STRING_CATALOGS = YES;
				MTL_ENABLE_DEBUG_INFO = NO;
				MTL_FAST_MATH = YES;
				SDKROOT = iphoneos;
				SWIFT_COMPILATION_MODE = wholemodule;
				VALIDATE_PRODUCT = YES;
			};
			name = Release;
		};
		7ECFA0CC2BCE6D7D00642091 /* Debug */ = {
			isa = XCBuildConfiguration;
			buildSettings = {
				ASSETCATALOG_COMPILER_APPICON_NAME = AppIcon;
				ASSETCATALOG_COMPILER_GLOBAL_ACCENT_COLOR_NAME = AccentColor;
				CODE_SIGN_STYLE = Automatic;
				CURRENT_PROJECT_VERSION = 1;
				DEVELOPMENT_TEAM = RTXFZYWTDQ;
				GENERATE_INFOPLIST_FILE = YES;
				INFOPLIST_FILE = "Final Project/Info.plist";
				INFOPLIST_KEY_UIApplicationSupportsIndirectInputEvents = YES;
				INFOPLIST_KEY_UILaunchStoryboardName = LaunchScreen;
				INFOPLIST_KEY_UIMainStoryboardFile = Main;
				INFOPLIST_KEY_UISupportedInterfaceOrientations_iPad = "UIInterfaceOrientationPortrait UIInterfaceOrientationPortraitUpsideDown UIInterfaceOrientationLandscapeLeft UIInterfaceOrientationLandscapeRight";
				INFOPLIST_KEY_UISupportedInterfaceOrientations_iPhone = "UIInterfaceOrientationPortrait UIInterfaceOrientationLandscapeLeft UIInterfaceOrientationLandscapeRight";
				LD_RUNPATH_SEARCH_PATHS = (
					"$(inherited)",
					"@executable_path/Frameworks",
				);
				MARKETING_VERSION = 1.0;
				PRODUCT_BUNDLE_IDENTIFIER = "nycu.esd.312617006.Final-Project";
				PRODUCT_NAME = "$(TARGET_NAME)";
				SWIFT_EMIT_LOC_STRINGS = YES;
				SWIFT_VERSION = 5.0;
				TARGETED_DEVICE_FAMILY = "1,2";
			};
			name = Debug;
		};
		7ECFA0CD2BCE6D7D00642091 /* Release */ = {
			isa = XCBuildConfiguration;
			buildSettings = {
				ASSETCATALOG_COMPILER_APPICON_NAME = AppIcon;
				ASSETCATALOG_COMPILER_GLOBAL_ACCENT_COLOR_NAME = AccentColor;
				CODE_SIGN_STYLE = Automatic;
				CURRENT_PROJECT_VERSION = 1;
				DEVELOPMENT_TEAM = RTXFZYWTDQ;
				GENERATE_INFOPLIST_FILE = YES;
				INFOPLIST_FILE = "Final Project/Info.plist";
				INFOPLIST_KEY_UIApplicationSupportsIndirectInputEvents = YES;
				INFOPLIST_KEY_UILaunchStoryboardName = LaunchScreen;
				INFOPLIST_KEY_UIMainStoryboardFile = Main;
				INFOPLIST_KEY_UISupportedInterfaceOrientations_iPad = "UIInterfaceOrientationPortrait UIInterfaceOrientationPortraitUpsideDown UIInterfaceOrientationLandscapeLeft UIInterfaceOrientationLandscapeRight";
				INFOPLIST_KEY_UISupportedInterfaceOrientations_iPhone = "UIInterfaceOrientationPortrait UIInterfaceOrientationLandscapeLeft UIInterfaceOrientationLandscapeRight";
				LD_RUNPATH_SEARCH_PATHS = (
					"$(inherited)",
					"@executable_path/Frameworks",
				);
				MARKETING_VERSION = 1.0;
				PRODUCT_BUNDLE_IDENTIFIER = "nycu.esd.312617006.Final-Project";
				PRODUCT_NAME = "$(TARGET_NAME)";
				SWIFT_EMIT_LOC_STRINGS = YES;
				SWIFT_VERSION = 5.0;
				TARGETED_DEVICE_FAMILY = "1,2";
			};
			name = Release;
		};
		7ECFA0CF2BCE6D7D00642091 /* Debug */ = {
			isa = XCBuildConfiguration;
			buildSettings = {
				ALWAYS_EMBED_SWIFT_STANDARD_LIBRARIES = YES;
				BUNDLE_LOADER = "$(TEST_HOST)";
				CODE_SIGN_STYLE = Automatic;
				CURRENT_PROJECT_VERSION = 1;
				DEVELOPMENT_TEAM = RTXFZYWTDQ;
				GENERATE_INFOPLIST_FILE = YES;
				IPHONEOS_DEPLOYMENT_TARGET = 17.2;
				MARKETING_VERSION = 1.0;
				PRODUCT_BUNDLE_IDENTIFIER = "nycu.esd.312617006.Final-ProjectTests";
				PRODUCT_NAME = "$(TARGET_NAME)";
				SWIFT_EMIT_LOC_STRINGS = NO;
				SWIFT_VERSION = 5.0;
				TARGETED_DEVICE_FAMILY = "1,2";
				TEST_HOST = "$(BUILT_PRODUCTS_DIR)/Final Project.app/$(BUNDLE_EXECUTABLE_FOLDER_PATH)/Final Project";
			};
			name = Debug;
		};
		7ECFA0D02BCE6D7D00642091 /* Release */ = {
			isa = XCBuildConfiguration;
			buildSettings = {
				ALWAYS_EMBED_SWIFT_STANDARD_LIBRARIES = YES;
				BUNDLE_LOADER = "$(TEST_HOST)";
				CODE_SIGN_STYLE = Automatic;
				CURRENT_PROJECT_VERSION = 1;
				DEVELOPMENT_TEAM = RTXFZYWTDQ;
				GENERATE_INFOPLIST_FILE = YES;
				IPHONEOS_DEPLOYMENT_TARGET = 17.2;
				MARKETING_VERSION = 1.0;
				PRODUCT_BUNDLE_IDENTIFIER = "nycu.esd.312617006.Final-ProjectTests";
				PRODUCT_NAME = "$(TARGET_NAME)";
				SWIFT_EMIT_LOC_STRINGS = NO;
				SWIFT_VERSION = 5.0;
				TARGETED_DEVICE_FAMILY = "1,2";
				TEST_HOST = "$(BUILT_PRODUCTS_DIR)/Final Project.app/$(BUNDLE_EXECUTABLE_FOLDER_PATH)/Final Project";
			};
			name = Release;
		};
		7ECFA0D22BCE6D7D00642091 /* Debug */ = {
			isa = XCBuildConfiguration;
			buildSettings = {
				ALWAYS_EMBED_SWIFT_STANDARD_LIBRARIES = YES;
				CODE_SIGN_STYLE = Automatic;
				CURRENT_PROJECT_VERSION = 1;
				DEVELOPMENT_TEAM = RTXFZYWTDQ;
				GENERATE_INFOPLIST_FILE = YES;
				MARKETING_VERSION = 1.0;
				PRODUCT_BUNDLE_IDENTIFIER = "nycu.esd.312617006.Final-ProjectUITests";
				PRODUCT_NAME = "$(TARGET_NAME)";
				SWIFT_EMIT_LOC_STRINGS = NO;
				SWIFT_VERSION = 5.0;
				TARGETED_DEVICE_FAMILY = "1,2";
				TEST_TARGET_NAME = "Final Project";
			};
			name = Debug;
		};
		7ECFA0D32BCE6D7D00642091 /* Release */ = {
			isa = XCBuildConfiguration;
			buildSettings = {
				ALWAYS_EMBED_SWIFT_STANDARD_LIBRARIES = YES;
				CODE_SIGN_STYLE = Automatic;
				CURRENT_PROJECT_VERSION = 1;
				DEVELOPMENT_TEAM = RTXFZYWTDQ;
				GENERATE_INFOPLIST_FILE = YES;
				MARKETING_VERSION = 1.0;
				PRODUCT_BUNDLE_IDENTIFIER = "nycu.esd.312617006.Final-ProjectUITests";
				PRODUCT_NAME = "$(TARGET_NAME)";
				SWIFT_EMIT_LOC_STRINGS = NO;
				SWIFT_VERSION = 5.0;
				TARGETED_DEVICE_FAMILY = "1,2";
				TEST_TARGET_NAME = "Final Project";
			};
			name = Release;
		};
/* End XCBuildConfiguration section */

/* Begin XCConfigurationList section */
		7ECFA09C2BCE6D7B00642091 /* Build configuration list for PBXProject "Final Project" */ = {
			isa = XCConfigurationList;
			buildConfigurations = (
				7ECFA0C92BCE6D7D00642091 /* Debug */,
				7ECFA0CA2BCE6D7D00642091 /* Release */,
			);
			defaultConfigurationIsVisible = 0;
			defaultConfigurationName = Release;
		};
		7ECFA0CB2BCE6D7D00642091 /* Build configuration list for PBXNativeTarget "Final Project" */ = {
			isa = XCConfigurationList;
			buildConfigurations = (
				7ECFA0CC2BCE6D7D00642091 /* Debug */,
				7ECFA0CD2BCE6D7D00642091 /* Release */,
			);
			defaultConfigurationIsVisible = 0;
			defaultConfigurationName = Release;
		};
		7ECFA0CE2BCE6D7D00642091 /* Build configuration list for PBXNativeTarget "Final ProjectTests" */ = {
			isa = XCConfigurationList;
			buildConfigurations = (
				7ECFA0CF2BCE6D7D00642091 /* Debug */,
				7ECFA0D02BCE6D7D00642091 /* Release */,
			);
			defaultConfigurationIsVisible = 0;
			defaultConfigurationName = Release;
		};
		7ECFA0D12BCE6D7D00642091 /* Build configuration list for PBXNativeTarget "Final ProjectUITests" */ = {
			isa = XCConfigurationList;
			buildConfigurations = (
				7ECFA0D22BCE6D7D00642091 /* Debug */,
				7ECFA0D32BCE6D7D00642091 /* Release */,
			);
			defaultConfigurationIsVisible = 0;
			defaultConfigurationName = Release;
		};
/* End XCConfigurationList section */
	};
	rootObject = 7ECFA0992BCE6D7B00642091 /* Project object */;
}
